
Microsoft Visual Studio Solution File, Format Version 12.00
# Visual Studio Express 2012 for Windows Desktop
Project("{8BC9CEB8-8B4A-11D0-8D11-00A0C91BC942}") = "REALRTTI_vs_FASTRTTI", "REALRTTI_vs_FASTRTTI.vcxproj", "{9907F65B-C087-4D59-ABAF-7AB516F5B479}"
	ProjectSection(ProjectDependencies) = postProject
		{30B209F1-1938-4C6A-BBBD-54A369618C6F} = {30B209F1-1938-4C6A-BBBD-54A369618C6F}
	EndProjectSection
EndProject
Project("{8BC9CEB8-8B4A-11D0-8D11-00A0C91BC942}") = "fast-rtti", "..\..\..\prj\vs2012\fast-rtti.vcxproj", "{30B209F1-1938-4C6A-BBBD-54A369618C6F}"
EndProject
Global
	GlobalSection(SolutionConfigurationPlatforms) = preSolution
		Release_BOTH|Win32 = Release_BOTH|Win32
		Release_BOTH|x64 = Release_BOTH|x64
		Release_FASTRTTI|Win32 = Release_FASTRTTI|Win32
		Release_FASTRTTI|x64 = Release_FASTRTTI|x64
		Release_REALRTTI|Win32 = Release_REALRTTI|Win32
		Release_REALRTTI|x64 = Release_REALRTTI|x64
	EndGlobalSection
	GlobalSection(ProjectConfigurationPlatforms) = postSolution
		{9907F65B-C087-4D59-ABAF-7AB516F5B479}.Release_BOTH|Win32.ActiveCfg = Release_BOTH|Win32
		{9907F65B-C087-4D59-ABAF-7AB516F5B479}.Release_BOTH|Win32.Build.0 = Release_BOTH|Win32
		{9907F65B-C087-4D59-ABAF-7AB516F5B479}.Release_BOTH|x64.ActiveCfg = Release_BOTH|Win32
		{9907F65B-C087-4D59-ABAF-7AB516F5B479}.Release_FASTRTTI|Win32.ActiveCfg = Release_FASTRTTI|Win32
		{9907F65B-C087-4D59-ABAF-7AB516F5B479}.Release_FASTRTTI|Win32.Build.0 = Release_FASTRTTI|Win32
		{9907F65B-C087-4D59-ABAF-7AB516F5B479}.Release_FASTRTTI|x64.ActiveCfg = Release_FASTRTTI|Win32
		{9907F65B-C087-4D59-ABAF-7AB516F5B479}.Release_REALRTTI|Win32.ActiveCfg = Release_REALRTTI|Win32
		{9907F65B-C087-4D59-ABAF-7AB516F5B479}.Release_REALRTTI|Win32.Build.0 = Release_REALRTTI|Win32
		{9907F65B-C087-4D59-ABAF-7AB516F5B479}.Release_REALRTTI|x64.ActiveCfg = Release_REALRTTI|Win32
		{30B209F1-1938-4C6A-BBBD-54A369618C6F}.Release_BOTH|Win32.ActiveCfg = Release|Win32
		{30B209F1-1938-4C6A-BBBD-54A369618C6F}.Release_BOTH|Win32.Build.0 = Release|Win32
		{30B209F1-1938-4C6A-BBBD-54A369618C6F}.Release_BOTH|x64.ActiveCfg = Release|x64
		{30B209F1-1938-4C6A-BBBD-54A369618C6F}.Release_BOTH|x64.Build.0 = Release|x64
		{30B209F1-1938-4C6A-BBBD-54A369618C6F}.Release_FASTRTTI|Win32.ActiveCfg = Release|Win32
		{30B209F1-1938-4C6A-BBBD-54A369618C6F}.Release_FASTRTTI|Win32.Build.0 = Release|Win32
		{30B209F1-1938-4C6A-BBBD-54A369618C6F}.Release_FASTRTTI|x64.ActiveCfg = Release|x64
		{30B209F1-1938-4C6A-BBBD-54A369618C6F}.Release_FASTRTTI|x64.Build.0 = Release|x64
		{30B209F1-1938-4C6A-BBBD-54A369618C6F}.Release_REALRTTI|Win32.ActiveCfg = Release|Win32
		{30B209F1-1938-4C6A-BBBD-54A369618C6F}.Release_REALRTTI|Win32.Build.0 = Release|Win32
		{30B209F1-1938-4C6A-BBBD-54A369618C6F}.Release_REALRTTI|x64.ActiveCfg = Release|x64
		{30B209F1-1938-4C6A-BBBD-54A369618C6F}.Release_REALRTTI|x64.Build.0 = Release|x64
	EndGlobalSection
	GlobalSection(SolutionProperties) = preSolution
		HideSolutionNode = FALSE
	EndGlobalSection
EndGlobal
